
Microsoft Visual Studio Solution File, Format Version 12.00
# Visual Studio 15
VisualStudioVersion = 15.0.26730.16
MinimumVisualStudioVersion = 10.0.40219.1
Project("{9A19103F-16F7-4668-BE54-9A1E7A4F7556}") = "AlertSynchronization", "AlertSynchronization\AlertSynchronization.csproj", "{C8251743-D9D8-4FFF-B844-4AB722B38CA4}"
EndProject
Project("{9A19103F-16F7-4668-BE54-9A1E7A4F7556}") = "CheckInSummaryReporting", "CheckInSummaryReporting\CheckInSummaryReporting.csproj", "{3E03A107-518B-4406-9CDA-91EA2B6D108B}"
EndProject
Global
	GlobalSection(SolutionConfigurationPlatforms) = preSolution
		Debug|Any CPU = Debug|Any CPU
		Release|Any CPU = Release|Any CPU
	EndGlobalSection
	GlobalSection(ProjectConfigurationPlatforms) = postSolution
		{C8251743-D9D8-4FFF-B844-4AB722B38CA4}.Debug|Any CPU.ActiveCfg = Debug|Any CPU
		{C8251743-D9D8-4FFF-B844-4AB722B38CA4}.Debug|Any CPU.Build.0 = Debug|Any CPU
		{C8251743-D9D8-4FFF-B844-4AB722B38CA4}.Release|Any CPU.ActiveCfg = Release|Any CPU
		{C8251743-D9D8-4FFF-B844-4AB722B38CA4}.Release|Any CPU.Build.0 = Release|Any CPU
		{3E03A107-518B-4406-9CDA-91EA2B6D108B}.Debug|Any CPU.ActiveCfg = Debug|Any CPU
		{3E03A107-518B-4406-9CDA-91EA2B6D108B}.Debug|Any CPU.Build.0 = Debug|Any CPU
		{3E03A107-518B-4406-9CDA-91EA2B6D108B}.Release|Any CPU.ActiveCfg = Release|Any CPU
		{3E03A107-518B-4406-9CDA-91EA2B6D108B}.Release|Any CPU.Build.0 = Release|Any CPU
	EndGlobalSection
	GlobalSection(SolutionProperties) = preSolution
		HideSolutionNode = FALSE
	EndGlobalSection
	GlobalSection(ExtensibilityGlobals) = postSolution
		SolutionGuid = {2F39078F-7B8E-44BF-9B68-C4DAC355AE93}
	EndGlobalSection
EndGlobal
